
Microsoft Visual Studio Solution File, Format Version 12.00
# Visual Studio 15
VisualStudioVersion = 15.0.28307.1062
MinimumVisualStudioVersion = 10.0.40219.1
Project("{FAE04EC0-301F-11D3-BF4B-00C04F79EFBC}") = "C_Sharp_Reflection", "C_Sharp_Reflection\C_Sharp_Reflection.csproj", "{95332E83-4CDB-4842-B369-C3BA654EE833}"
EndProject
Global
	GlobalSection(SolutionConfigurationPlatforms) = preSolution
		Debug|Any CPU = Debug|Any CPU
		Release|Any CPU = Release|Any CPU
	EndGlobalSection
	GlobalSection(ProjectConfigurationPlatforms) = postSolution
		{95332E83-4CDB-4842-B369-C3BA654EE833}.Debug|Any CPU.ActiveCfg = Debug|Any CPU
		{95332E83-4CDB-4842-B369-C3BA654EE833}.Debug|Any CPU.Build.0 = Debug|Any CPU
		{95332E83-4CDB-4842-B369-C3BA654EE833}.Release|Any CPU.ActiveCfg = Release|Any CPU
		{95332E83-4CDB-4842-B369-C3BA654EE833}.Release|Any CPU.Build.0 = Release|Any CPU
	EndGlobalSection
	GlobalSection(SolutionProperties) = preSolution
		HideSolutionNode = FALSE
	EndGlobalSection
	GlobalSection(ExtensibilityGlobals) = postSolution
		SolutionGuid = {F6816654-83C9-45D8-A92B-0BC90F56FE6F}
	EndGlobalSection
EndGlobal
